lockfileVersion: '9.0'

settings:
  autoInstallPeers: true
  excludeLinksFromLockfile: false

importers:

  .:
    dependencies:
      zx:
        specifier: ^8.4.1
        version: 8.4.1

packages:

  zx@8.4.1:
    resolution: {integrity: sha512-1Cb+Tfwt/daKV6wckBeDbB6h3IMauqj9KWp+EcbYzi9doeJeIHCktxp/yWspXOXRdoUzBCQSKoUgm3g8r9fz5A==}
    engines: {node: '>= 12.17.0'}
    hasBin: true

snapshots:

  zx@8.4.1: {}
